
Microsoft Visual Studio Solution File, Format Version 12.00
# Visual Studio Version 17
VisualStudioVersion = 17.5.33502.453
MinimumVisualStudioVersion = 10.0.40219.1
Project("{FAE04EC0-301F-11D3-BF4B-00C04F79EFBC}") = "JWTAuthentication", "JWTAuthentication.csproj", "{540303AF-69F0-435B-8BAB-56E4FE2A1228}"
EndProject
Global
	GlobalSection(SolutionConfigurationPlatforms) = preSolution
		Debug|Any CPU = Debug|Any CPU
		Release|Any CPU = Release|Any CPU
	EndGlobalSection
	GlobalSection(ProjectConfigurationPlatforms) = postSolution
		{540303AF-69F0-435B-8BAB-56E4FE2A1228}.Debug|Any CPU.ActiveCfg = Debug|Any CPU
		{540303AF-69F0-435B-8BAB-56E4FE2A1228}.Debug|Any CPU.Build.0 = Debug|Any CPU
		{540303AF-69F0-435B-8BAB-56E4FE2A1228}.Release|Any CPU.ActiveCfg = Release|Any CPU
		{540303AF-69F0-435B-8BAB-56E4FE2A1228}.Release|Any CPU.Build.0 = Release|Any CPU
	EndGlobalSection
	GlobalSection(SolutionProperties) = preSolution
		HideSolutionNode = FALSE
	EndGlobalSection
	GlobalSection(ExtensibilityGlobals) = postSolution
		SolutionGuid = {C7F86262-4C0A-47B4-8F10-C389F07BBC93}
	EndGlobalSection
EndGlobal
